// !$*UTF8*$!
{
	archiveVersion = 1;
	classes = {
	};
	objectVersion = 46;
	objects = {

/* Begin PBXBuildFile section */
		C2DB350D1A863CE0004B3A34 /* TableRow.swift in Sources */ = {isa = PBXBuildFile; fileRef = C2DB350C1A863CE0004B3A34 /* TableRow.swift */; };
		C2DB350F1A863D00004B3A34 /* TableRowDataSource.swift in Sources */ = {isa = PBXBuildFile; fileRef = C2DB350E1A863D00004B3A34 /* TableRowDataSource.swift */; };
		C2DB35111A865419004B3A34 /* TableSectionDataSource.swift in Sources */ = {isa = PBXBuildFile; fileRef = C2DB35101A865419004B3A34 /* TableSectionDataSource.swift */; };
		C2DB35131A865852004B3A34 /* TableSection.swift in Sources */ = {isa = PBXBuildFile; fileRef = C2DB35121A865852004B3A34 /* TableSection.swift */; };
		C2DB35151A865A18004B3A34 /* TableViewController.swift in Sources */ = {isa = PBXBuildFile; fileRef = C2DB35141A865A18004B3A34 /* TableViewController.swift */; };
		C2DB35171A865A5C004B3A34 /* TableInputRowDataSource.swift in Sources */ = {isa = PBXBuildFile; fileRef = C2DB35161A865A5C004B3A34 /* TableInputRowDataSource.swift */; };
		C2DB35191A8668A1004B3A34 /* TableViewCell.swift in Sources */ = {isa = PBXBuildFile; fileRef = C2DB35181A8668A1004B3A34 /* TableViewCell.swift */; };
		C2DB351B1A8669D1004B3A34 /* Theme.swift in Sources */ = {isa = PBXBuildFile; fileRef = C2DB351A1A8669D1004B3A34 /* Theme.swift */; };
		C2DB351D1A866BAE004B3A34 /* DefaultTheme.swift in Sources */ = {isa = PBXBuildFile; fileRef = C2DB351C1A866BAE004B3A34 /* DefaultTheme.swift */; };
		C2DB351F1A866D53004B3A34 /* ThemeManager.swift in Sources */ = {isa = PBXBuildFile; fileRef = C2DB351E1A866D53004B3A34 /* ThemeManager.swift */; };
		C2DB35211A8672FF004B3A34 /* TableImageRow.swift in Sources */ = {isa = PBXBuildFile; fileRef = C2DB35201A8672FF004B3A34 /* TableImageRow.swift */; };
		C2DB35231A867327004B3A34 /* TableImageViewCell.swift in Sources */ = {isa = PBXBuildFile; fileRef = C2DB35221A867327004B3A34 /* TableImageViewCell.swift */; };
		C2DB35251A867892004B3A34 /* TableInputViewCell.swift in Sources */ = {isa = PBXBuildFile; fileRef = C2DB35241A867892004B3A34 /* TableInputViewCell.swift */; };
		C2DB35271A8678B2004B3A34 /* TableInputTextFieldViewCell.swift in Sources */ = {isa = PBXBuildFile; fileRef = C2DB35261A8678B2004B3A34 /* TableInputTextFieldViewCell.swift */; };
		C2DB35291A867905004B3A34 /* TableInputTextViewViewCell.swift in Sources */ = {isa = PBXBuildFile; fileRef = C2DB35281A867905004B3A34 /* TableInputTextViewViewCell.swift */; };
		C2DB352B1A867923004B3A34 /* TableInputDatePickerViewCell.swift in Sources */ = {isa = PBXBuildFile; fileRef = C2DB352A1A867923004B3A34 /* TableInputDatePickerViewCell.swift */; };
		C2DB352D1A867941004B3A34 /* TableInputPickerViewCell.swift in Sources */ = {isa = PBXBuildFile; fileRef = C2DB352C1A867941004B3A34 /* TableInputPickerViewCell.swift */; };
		C2DB352F1A867963004B3A34 /* TableInputSwitchViewCell.swift in Sources */ = {isa = PBXBuildFile; fileRef = C2DB352E1A867963004B3A34 /* TableInputSwitchViewCell.swift */; };
		C2DB35311A867984004B3A34 /* TableInputCheckViewCell.swift in Sources */ = {isa = PBXBuildFile; fileRef = C2DB35301A867984004B3A34 /* TableInputCheckViewCell.swift */; };
		C2DB35331A86799A004B3A34 /* CheckView.swift in Sources */ = {isa = PBXBuildFile; fileRef = C2DB35321A86799A004B3A34 /* CheckView.swift */; };
		C2DB35351A8679BE004B3A34 /* TableInputSliderViewCell.swift in Sources */ = {isa = PBXBuildFile; fileRef = C2DB35341A8679BE004B3A34 /* TableInputSliderViewCell.swift */; };
		C2DB35391A86892A004B3A34 /* TableInputDatePickerRow.swift in Sources */ = {isa = PBXBuildFile; fileRef = C2DB35381A86892A004B3A34 /* TableInputDatePickerRow.swift */; };
		C2DB353B1A868945004B3A34 /* TableInputRow.swift in Sources */ = {isa = PBXBuildFile; fileRef = C2DB353A1A868945004B3A34 /* TableInputRow.swift */; };
		C2DB353D1A869078004B3A34 /* TableInputPickerRow.swift in Sources */ = {isa = PBXBuildFile; fileRef = C2DB353C1A869078004B3A34 /* TableInputPickerRow.swift */; };
		C2DB353F1A86B77A004B3A34 /* TableInputSwitchRow.swift in Sources */ = {isa = PBXBuildFile; fileRef = C2DB353E1A86B77A004B3A34 /* TableInputSwitchRow.swift */; };
		C2DB35411A86C639004B3A34 /* TableInputCheckRow.swift in Sources */ = {isa = PBXBuildFile; fileRef = C2DB35401A86C639004B3A34 /* TableInputCheckRow.swift */; };
		C2DB35431A86CA6B004B3A34 /* TableInputSliderRow.swift in Sources */ = {isa = PBXBuildFile; fileRef = C2DB35421A86CA6B004B3A34 /* TableInputSliderRow.swift */; };
		C2DB35451A86CE58004B3A34 /* TableInputTextFieldRow.swift in Sources */ = {isa = PBXBuildFile; fileRef = C2DB35441A86CE58004B3A34 /* TableInputTextFieldRow.swift */; };
		C2DB35471A86D16E004B3A34 /* TableInputTextViewRow.swift in Sources */ = {isa = PBXBuildFile; fileRef = C2DB35461A86D16E004B3A34 /* TableInputTextViewRow.swift */; };
		C2DB354F1A86F57F004B3A34 /* UIImageView+TSCImageView.swift in Sources */ = {isa = PBXBuildFile; fileRef = C2DB354E1A86F57F004B3A34 /* UIImageView+TSCImageView.swift */; };
		C2DB35511A86F639004B3A34 /* ImageRequestOperation.swift in Sources */ = {isa = PBXBuildFile; fileRef = C2DB35501A86F639004B3A34 /* ImageRequestOperation.swift */; };
		C2DB35531A86F651004B3A34 /* ImageController.swift in Sources */ = {isa = PBXBuildFile; fileRef = C2DB35521A86F651004B3A34 /* ImageController.swift */; };
		C2DB35561A871148004B3A34 /* UITableViewCellGenerator.h in Headers */ = {isa = PBXBuildFile; fileRef = C2DB35541A871148004B3A34 /* UITableViewCellGenerator.h */; settings = {ATTRIBUTES = (Public, ); }; };
		C2DB35571A871148004B3A34 /* UITableViewCellGenerator.m in Sources */ = {isa = PBXBuildFile; fileRef = C2DB35551A871148004B3A34 /* UITableViewCellGenerator.m */; };
		C2E5099219C839F600350F00 /* ThunderTableTests.swift in Sources */ = {isa = PBXBuildFile; fileRef = C2E5099119C839F600350F00 /* ThunderTableTests.swift */; };
		C2E5099C19C83A3500350F00 /* ThunderTable.h in Headers */ = {isa = PBXBuildFile; fileRef = C2E5099B19C83A3500350F00 /* ThunderTable.h */; settings = {ATTRIBUTES = (Public, ); }; };
/* End PBXBuildFile section */

/* Begin PBXFileReference section */
		C2DB350C1A863CE0004B3A34 /* TableRow.swift */ = {isa = PBXFileReference; fileEncoding = 4; lastKnownFileType = sourcecode.swift; path = TableRow.swift; sourceTree = "<group>"; };
		C2DB350E1A863D00004B3A34 /* TableRowDataSource.swift */ = {isa = PBXFileReference; fileEncoding = 4; lastKnownFileType = sourcecode.swift; path = TableRowDataSource.swift; sourceTree = "<group>"; };
		C2DB35101A865419004B3A34 /* TableSectionDataSource.swift */ = {isa = PBXFileReference; fileEncoding = 4; lastKnownFileType = sourcecode.swift; path = TableSectionDataSource.swift; sourceTree = "<group>"; };
		C2DB35121A865852004B3A34 /* TableSection.swift */ = {isa = PBXFileReference; fileEncoding = 4; lastKnownFileType = sourcecode.swift; path = TableSection.swift; sourceTree = "<group>"; };
		C2DB35141A865A18004B3A34 /* TableViewController.swift */ = {isa = PBXFileReference; fileEncoding = 4; lastKnownFileType = sourcecode.swift; path = TableViewController.swift; sourceTree = "<group>"; };
		C2DB35161A865A5C004B3A34 /* TableInputRowDataSource.swift */ = {isa = PBXFileReference; fileEncoding = 4; lastKnownFileType = sourcecode.swift; path = TableInputRowDataSource.swift; sourceTree = "<group>"; };
		C2DB35181A8668A1004B3A34 /* TableViewCell.swift */ = {isa = PBXFileReference; fileEncoding = 4; lastKnownFileType = sourcecode.swift; path = TableViewCell.swift; sourceTree = "<group>"; };
		C2DB351A1A8669D1004B3A34 /* Theme.swift */ = {isa = PBXFileReference; fileEncoding = 4; lastKnownFileType = sourcecode.swift; path = Theme.swift; sourceTree = "<group>"; };
		C2DB351C1A866BAE004B3A34 /* DefaultTheme.swift */ = {isa = PBXFileReference; fileEncoding = 4; lastKnownFileType = sourcecode.swift; path = DefaultTheme.swift; sourceTree = "<group>"; };
		C2DB351E1A866D53004B3A34 /* ThemeManager.swift */ = {isa = PBXFileReference; fileEncoding = 4; lastKnownFileType = sourcecode.swift; path = ThemeManager.swift; sourceTree = "<group>"; };
		C2DB35201A8672FF004B3A34 /* TableImageRow.swift */ = {isa = PBXFileReference; fileEncoding = 4; lastKnownFileType = sourcecode.swift; path = TableImageRow.swift; sourceTree = "<group>"; };
		C2DB35221A867327004B3A34 /* TableImageViewCell.swift */ = {isa = PBXFileReference; fileEncoding = 4; lastKnownFileType = sourcecode.swift; path = TableImageViewCell.swift; sourceTree = "<group>"; };
		C2DB35241A867892004B3A34 /* TableInputViewCell.swift */ = {isa = PBXFileReference; fileEncoding = 4; lastKnownFileType = sourcecode.swift; path = TableInputViewCell.swift; sourceTree = "<group>"; };
		C2DB35261A8678B2004B3A34 /* TableInputTextFieldViewCell.swift */ = {isa = PBXFileReference; fileEncoding = 4; lastKnownFileType = sourcecode.swift; path = TableInputTextFieldViewCell.swift; sourceTree = "<group>"; };
		C2DB35281A867905004B3A34 /* TableInputTextViewViewCell.swift */ = {isa = PBXFileReference; fileEncoding = 4; lastKnownFileType = sourcecode.swift; path = TableInputTextViewViewCell.swift; sourceTree = "<group>"; };
		C2DB352A1A867923004B3A34 /* TableInputDatePickerViewCell.swift */ = {isa = PBXFileReference; fileEncoding = 4; lastKnownFileType = sourcecode.swift; path = TableInputDatePickerViewCell.swift; sourceTree = "<group>"; };
		C2DB352C1A867941004B3A34 /* TableInputPickerViewCell.swift */ = {isa = PBXFileReference; fileEncoding = 4; lastKnownFileType = sourcecode.swift; path = TableInputPickerViewCell.swift; sourceTree = "<group>"; };
		C2DB352E1A867963004B3A34 /* TableInputSwitchViewCell.swift */ = {isa = PBXFileReference; fileEncoding = 4; lastKnownFileType = sourcecode.swift; path = TableInputSwitchViewCell.swift; sourceTree = "<group>"; };
		C2DB35301A867984004B3A34 /* TableInputCheckViewCell.swift */ = {isa = PBXFileReference; fileEncoding = 4; lastKnownFileType = sourcecode.swift; path = TableInputCheckViewCell.swift; sourceTree = "<group>"; };
		C2DB35321A86799A004B3A34 /* CheckView.swift */ = {isa = PBXFileReference; fileEncoding = 4; lastKnownFileType = sourcecode.swift; path = CheckView.swift; sourceTree = "<group>"; };
		C2DB35341A8679BE004B3A34 /* TableInputSliderViewCell.swift */ = {isa = PBXFileReference; fileEncoding = 4; lastKnownFileType = sourcecode.swift; path = TableInputSliderViewCell.swift; sourceTree = "<group>"; };
		C2DB35381A86892A004B3A34 /* TableInputDatePickerRow.swift */ = {isa = PBXFileReference; fileEncoding = 4; lastKnownFileType = sourcecode.swift; path = TableInputDatePickerRow.swift; sourceTree = "<group>"; };
		C2DB353A1A868945004B3A34 /* TableInputRow.swift */ = {isa = PBXFileReference; fileEncoding = 4; lastKnownFileType = sourcecode.swift; path = TableInputRow.swift; sourceTree = "<group>"; };
		C2DB353C1A869078004B3A34 /* TableInputPickerRow.swift */ = {isa = PBXFileReference; fileEncoding = 4; lastKnownFileType = sourcecode.swift; path = TableInputPickerRow.swift; sourceTree = "<group>"; };
		C2DB353E1A86B77A004B3A34 /* TableInputSwitchRow.swift */ = {isa = PBXFileReference; fileEncoding = 4; lastKnownFileType = sourcecode.swift; path = TableInputSwitchRow.swift; sourceTree = "<group>"; };
		C2DB35401A86C639004B3A34 /* TableInputCheckRow.swift */ = {isa = PBXFileReference; fileEncoding = 4; lastKnownFileType = sourcecode.swift; path = TableInputCheckRow.swift; sourceTree = "<group>"; };
		C2DB35421A86CA6B004B3A34 /* TableInputSliderRow.swift */ = {isa = PBXFileReference; fileEncoding = 4; lastKnownFileType = sourcecode.swift; path = TableInputSliderRow.swift; sourceTree = "<group>"; };
		C2DB35441A86CE58004B3A34 /* TableInputTextFieldRow.swift */ = {isa = PBXFileReference; fileEncoding = 4; lastKnownFileType = sourcecode.swift; path = TableInputTextFieldRow.swift; sourceTree = "<group>"; };
		C2DB35461A86D16E004B3A34 /* TableInputTextViewRow.swift */ = {isa = PBXFileReference; fileEncoding = 4; lastKnownFileType = sourcecode.swift; path = TableInputTextViewRow.swift; sourceTree = "<group>"; };
		C2DB354E1A86F57F004B3A34 /* UIImageView+TSCImageView.swift */ = {isa = PBXFileReference; fileEncoding = 4; lastKnownFileType = sourcecode.swift; path = "UIImageView+TSCImageView.swift"; sourceTree = "<group>"; };
		C2DB35501A86F639004B3A34 /* ImageRequestOperation.swift */ = {isa = PBXFileReference; fileEncoding = 4; lastKnownFileType = sourcecode.swift; path = ImageRequestOperation.swift; sourceTree = "<group>"; };
		C2DB35521A86F651004B3A34 /* ImageController.swift */ = {isa = PBXFileReference; fileEncoding = 4; lastKnownFileType = sourcecode.swift; path = ImageController.swift; sourceTree = "<group>"; };
		C2DB35541A871148004B3A34 /* UITableViewCellGenerator.h */ = {isa = PBXFileReference; fileEncoding = 4; lastKnownFileType = sourcecode.c.h; path = UITableViewCellGenerator.h; sourceTree = "<group>"; };
		C2DB35551A871148004B3A34 /* UITableViewCellGenerator.m */ = {isa = PBXFileReference; fileEncoding = 4; lastKnownFileType = sourcecode.c.objc; path = UITableViewCellGenerator.m; sourceTree = "<group>"; };
		C2E5098219C839F600350F00 /* ThunderTable.framework */ = {isa = PBXFileReference; explicitFileType = wrapper.framework; includeInIndex = 0; path = ThunderTable.framework; sourceTree = BUILT_PRODUCTS_DIR; };
		C2E5098619C839F600350F00 /* Info.plist */ = {isa = PBXFileReference; lastKnownFileType = text.plist.xml; path = Info.plist; sourceTree = "<group>"; };
		C2E5098D19C839F600350F00 /* ThunderTableTests.xctest */ = {isa = PBXFileReference; explicitFileType = wrapper.cfbundle; includeInIndex = 0; path = ThunderTableTests.xctest; sourceTree = BUILT_PRODUCTS_DIR; };
		C2E5099019C839F600350F00 /* Info.plist */ = {isa = PBXFileReference; lastKnownFileType = text.plist.xml; path = Info.plist; sourceTree = "<group>"; };
		C2E5099119C839F600350F00 /* ThunderTableTests.swift */ = {isa = PBXFileReference; lastKnownFileType = sourcecode.swift; path = ThunderTableTests.swift; sourceTree = "<group>"; };
		C2E5099B19C83A3500350F00 /* ThunderTable.h */ = {isa = PBXFileReference; fileEncoding = 4; lastKnownFileType = sourcecode.c.h; path = ThunderTable.h; sourceTree = "<group>"; };
/* End PBXFileReference section */

/* Begin PBXFrameworksBuildPhase section */
		C2E5097E19C839F600350F00 /* Frameworks */ = {
			isa = PBXFrameworksBuildPhase;
			buildActionMask = 2147483647;
			files = (
			);
			runOnlyForDeploymentPostprocessing = 0;
		};
		C2E5098A19C839F600350F00 /* Frameworks */ = {
			isa = PBXFrameworksBuildPhase;
			buildActionMask = 2147483647;
			files = (
			);
			runOnlyForDeploymentPostprocessing = 0;
		};
/* End PBXFrameworksBuildPhase section */

/* Begin PBXGroup section */
		C2E5097819C839F600350F00 = {
			isa = PBXGroup;
			children = (
				C2E5098419C839F600350F00 /* ThunderTable */,
				C2E5098E19C839F600350F00 /* ThunderTableTests */,
				C2E5098319C839F600350F00 /* Products */,
			);
			sourceTree = "<group>";
		};
		C2E5098319C839F600350F00 /* Products */ = {
			isa = PBXGroup;
			children = (
				C2E5098219C839F600350F00 /* ThunderTable.framework */,
				C2E5098D19C839F600350F00 /* ThunderTableTests.xctest */,
			);
			name = Products;
			sourceTree = "<group>";
		};
		C2E5098419C839F600350F00 /* ThunderTable */ = {
			isa = PBXGroup;
			children = (
				C2DB35141A865A18004B3A34 /* TableViewController.swift */,
				C2E5099B19C83A3500350F00 /* ThunderTable.h */,
				C2DB35541A871148004B3A34 /* UITableViewCellGenerator.h */,
				C2DB35551A871148004B3A34 /* UITableViewCellGenerator.m */,
				C2DB351A1A8669D1004B3A34 /* Theme.swift */,
				C2DB351C1A866BAE004B3A34 /* DefaultTheme.swift */,
				C2DB351E1A866D53004B3A34 /* ThemeManager.swift */,
				C2E50A4219C83B6500350F00 /* Models */,
				C2E509D519C83AAD00350F00 /* Cells */,
				C2E509BF19C83A5300350F00 /* Images */,
				C2E5098519C839F600350F00 /* Supporting Files */,
			);
			path = ThunderTable;
			sourceTree = "<group>";
		};
		C2E5098519C839F600350F00 /* Supporting Files */ = {
			isa = PBXGroup;
			children = (
				C2E5098619C839F600350F00 /* Info.plist */,
			);
			name = "Supporting Files";
			sourceTree = "<group>";
		};
		C2E5098E19C839F600350F00 /* ThunderTableTests */ = {
			isa = PBXGroup;
			children = (
				C2E5099119C839F600350F00 /* ThunderTableTests.swift */,
				C2E5098F19C839F600350F00 /* Supporting Files */,
			);
			path = ThunderTableTests;
			sourceTree = "<group>";
		};
		C2E5098F19C839F600350F00 /* Supporting Files */ = {
			isa = PBXGroup;
			children = (
				C2E5099019C839F600350F00 /* Info.plist */,
			);
			name = "Supporting Files";
			sourceTree = "<group>";
		};
		C2E509BF19C83A5300350F00 /* Images */ = {
			isa = PBXGroup;
			children = (
				C2DB354E1A86F57F004B3A34 /* UIImageView+TSCImageView.swift */,
				C2DB35501A86F639004B3A34 /* ImageRequestOperation.swift */,
				C2DB35521A86F651004B3A34 /* ImageController.swift */,
			);
			name = Images;
			sourceTree = "<group>";
		};
		C2E509D519C83AAD00350F00 /* Cells */ = {
			isa = PBXGroup;
			children = (
				C2DB35181A8668A1004B3A34 /* TableViewCell.swift */,
				C2DB35221A867327004B3A34 /* TableImageViewCell.swift */,
				C2DB35241A867892004B3A34 /* TableInputViewCell.swift */,
				C2E509FE19C83AF100350F00 /* Input Cells */,
			);
			name = Cells;
			sourceTree = "<group>";
		};
		C2E509FE19C83AF100350F00 /* Input Cells */ = {
			isa = PBXGroup;
			children = (
				C2DB35261A8678B2004B3A34 /* TableInputTextFieldViewCell.swift */,
				C2DB35281A867905004B3A34 /* TableInputTextViewViewCell.swift */,
				C2DB352A1A867923004B3A34 /* TableInputDatePickerViewCell.swift */,
				C2DB352C1A867941004B3A34 /* TableInputPickerViewCell.swift */,
				C2DB352E1A867963004B3A34 /* TableInputSwitchViewCell.swift */,
				C2DB35301A867984004B3A34 /* TableInputCheckViewCell.swift */,
				C2DB35321A86799A004B3A34 /* CheckView.swift */,
				C2DB35341A8679BE004B3A34 /* TableInputSliderViewCell.swift */,
			);
			name = "Input Cells";
			sourceTree = "<group>";
		};
		C2E50A0B19C83B1D00350F00 /* Rows */ = {
			isa = PBXGroup;
			children = (
				C2DB350C1A863CE0004B3A34 /* TableRow.swift */,
				C2DB35201A8672FF004B3A34 /* TableImageRow.swift */,
				C2E50A2C19C83B3200350F00 /* Input Rows */,
			);
			name = Rows;
			sourceTree = "<group>";
		};
		C2E50A2C19C83B3200350F00 /* Input Rows */ = {
			isa = PBXGroup;
			children = (
				C2DB353A1A868945004B3A34 /* TableInputRow.swift */,
				C2DB35441A86CE58004B3A34 /* TableInputTextFieldRow.swift */,
				C2DB35461A86D16E004B3A34 /* TableInputTextViewRow.swift */,
				C2DB35381A86892A004B3A34 /* TableInputDatePickerRow.swift */,
				C2DB353C1A869078004B3A34 /* TableInputPickerRow.swift */,
				C2DB353E1A86B77A004B3A34 /* TableInputSwitchRow.swift */,
				C2DB35401A86C639004B3A34 /* TableInputCheckRow.swift */,
				C2DB35421A86CA6B004B3A34 /* TableInputSliderRow.swift */,
			);
			name = "Input Rows";
			sourceTree = "<group>";
		};
		C2E50A3519C83B4600350F00 /* Protocols */ = {
			isa = PBXGroup;
			children = (
				C2DB35161A865A5C004B3A34 /* TableInputRowDataSource.swift */,
				C2DB350E1A863D00004B3A34 /* TableRowDataSource.swift */,
				C2DB35101A865419004B3A34 /* TableSectionDataSource.swift */,
			);
			name = Protocols;
			sourceTree = "<group>";
		};
		C2E50A4219C83B6500350F00 /* Models */ = {
			isa = PBXGroup;
			children = (
				C2E50A3519C83B4600350F00 /* Protocols */,
				C2E50A0B19C83B1D00350F00 /* Rows */,
				C2DB35121A865852004B3A34 /* TableSection.swift */,
			);
			name = Models;
			sourceTree = "<group>";
		};
/* End PBXGroup section */

/* Begin PBXHeadersBuildPhase section */
		C2E5097F19C839F600350F00 /* Headers */ = {
			isa = PBXHeadersBuildPhase;
			buildActionMask = 2147483647;
			files = (
				C2E5099C19C83A3500350F00 /* ThunderTable.h in Headers */,
				C2DB35561A871148004B3A34 /* UITableViewCellGenerator.h in Headers */,
			);
			runOnlyForDeploymentPostprocessing = 0;
		};
/* End PBXHeadersBuildPhase section */

/* Begin PBXNativeTarget section */
		C2E5098119C839F600350F00 /* ThunderTable */ = {
			isa = PBXNativeTarget;
			buildConfigurationList = C2E5099519C839F600350F00 /* Build configuration list for PBXNativeTarget "ThunderTable" */;
			buildPhases = (
				C2E5097D19C839F600350F00 /* Sources */,
				C2E5097E19C839F600350F00 /* Frameworks */,
				C2E5097F19C839F600350F00 /* Headers */,
				C2E5098019C839F600350F00 /* Resources */,
			);
			buildRules = (
			);
			dependencies = (
			);
			name = ThunderTable;
			productName = ThunderTable;
			productReference = C2E5098219C839F600350F00 /* ThunderTable.framework */;
			productType = "com.apple.product-type.framework";
		};
		C2E5098C19C839F600350F00 /* ThunderTableTests */ = {
			isa = PBXNativeTarget;
			buildConfigurationList = C2E5099819C839F600350F00 /* Build configuration list for PBXNativeTarget "ThunderTableTests" */;
			buildPhases = (
				C2E5098919C839F600350F00 /* Sources */,
				C2E5098A19C839F600350F00 /* Frameworks */,
				C2E5098B19C839F600350F00 /* Resources */,
			);
			buildRules = (
			);
			dependencies = (
			);
			name = ThunderTableTests;
			productName = ThunderTableTests;
			productReference = C2E5098D19C839F600350F00 /* ThunderTableTests.xctest */;
			productType = "com.apple.product-type.bundle.unit-test";
		};
/* End PBXNativeTarget section */

/* Begin PBXProject section */
		C2E5097919C839F600350F00 /* Project object */ = {
			isa = PBXProject;
			attributes = {
				LastUpgradeCheck = 0600;
				ORGANIZATIONNAME = threesidedcube;
				TargetAttributes = {
					C2E5098119C839F600350F00 = {
						CreatedOnToolsVersion = 6.0;
					};
					C2E5098C19C839F600350F00 = {
						CreatedOnToolsVersion = 6.0;
					};
				};
			};
			buildConfigurationList = C2E5097C19C839F600350F00 /* Build configuration list for PBXProject "ThunderTable" */;
			compatibilityVersion = "Xcode 3.2";
			developmentRegion = English;
			hasScannedForEncodings = 0;
			knownRegions = (
				en,
			);
			mainGroup = C2E5097819C839F600350F00;
			productRefGroup = C2E5098319C839F600350F00 /* Products */;
			projectDirPath = "";
			projectRoot = "";
			targets = (
				C2E5098119C839F600350F00 /* ThunderTable */,
				C2E5098C19C839F600350F00 /* ThunderTableTests */,
			);
		};
/* End PBXProject section */

/* Begin PBXResourcesBuildPhase section */
		C2E5098019C839F600350F00 /* Resources */ = {
			isa = PBXResourcesBuildPhase;
			buildActionMask = 2147483647;
			files = (
			);
			runOnlyForDeploymentPostprocessing = 0;
		};
		C2E5098B19C839F600350F00 /* Resources */ = {
			isa = PBXResourcesBuildPhase;
			buildActionMask = 2147483647;
			files = (
			);
			runOnlyForDeploymentPostprocessing = 0;
		};
/* End PBXResourcesBuildPhase section */

/* Begin PBXSourcesBuildPhase section */
		C2E5097D19C839F600350F00 /* Sources */ = {
			isa = PBXSourcesBuildPhase;
			buildActionMask = 2147483647;
			files = (
				C2DB35151A865A18004B3A34 /* TableViewController.swift in Sources */,
				C2DB352D1A867941004B3A34 /* TableInputPickerViewCell.swift in Sources */,
				C2DB35431A86CA6B004B3A34 /* TableInputSliderRow.swift in Sources */,
				C2DB353B1A868945004B3A34 /* TableInputRow.swift in Sources */,
				C2DB35111A865419004B3A34 /* TableSectionDataSource.swift in Sources */,
				C2DB35251A867892004B3A34 /* TableInputViewCell.swift in Sources */,
				C2DB351D1A866BAE004B3A34 /* DefaultTheme.swift in Sources */,
				C2DB35511A86F639004B3A34 /* ImageRequestOperation.swift in Sources */,
				C2DB35271A8678B2004B3A34 /* TableInputTextFieldViewCell.swift in Sources */,
				C2DB35131A865852004B3A34 /* TableSection.swift in Sources */,
				C2DB35571A871148004B3A34 /* UITableViewCellGenerator.m in Sources */,
				C2DB35211A8672FF004B3A34 /* TableImageRow.swift in Sources */,
				C2DB35331A86799A004B3A34 /* CheckView.swift in Sources */,
				C2DB35471A86D16E004B3A34 /* TableInputTextViewRow.swift in Sources */,
				C2DB354F1A86F57F004B3A34 /* UIImageView+TSCImageView.swift in Sources */,
				C2DB352B1A867923004B3A34 /* TableInputDatePickerViewCell.swift in Sources */,
				C2DB351B1A8669D1004B3A34 /* Theme.swift in Sources */,
				C2DB35411A86C639004B3A34 /* TableInputCheckRow.swift in Sources */,
				C2DB351F1A866D53004B3A34 /* ThemeManager.swift in Sources */,
				C2DB350D1A863CE0004B3A34 /* TableRow.swift in Sources */,
				C2DB35451A86CE58004B3A34 /* TableInputTextFieldRow.swift in Sources */,
				C2DB35231A867327004B3A34 /* TableImageViewCell.swift in Sources */,
				C2DB352F1A867963004B3A34 /* TableInputSwitchViewCell.swift in Sources */,
				C2DB35191A8668A1004B3A34 /* TableViewCell.swift in Sources */,
				C2DB353F1A86B77A004B3A34 /* TableInputSwitchRow.swift in Sources */,
				C2DB35291A867905004B3A34 /* TableInputTextViewViewCell.swift in Sources */,
				C2DB35531A86F651004B3A34 /* ImageController.swift in Sources */,
				C2DB35351A8679BE004B3A34 /* TableInputSliderViewCell.swift in Sources */,
				C2DB35171A865A5C004B3A34 /* TableInputRowDataSource.swift in Sources */,
				C2DB35391A86892A004B3A34 /* TableInputDatePickerRow.swift in Sources */,
				C2DB35311A867984004B3A34 /* TableInputCheckViewCell.swift in Sources */,
				C2DB353D1A869078004B3A34 /* TableInputPickerRow.swift in Sources */,
				C2DB350F1A863D00004B3A34 /* TableRowDataSource.swift in Sources */,
			);
			runOnlyForDeploymentPostprocessing = 0;
		};
		C2E5098919C839F600350F00 /* Sources */ = {
			isa = PBXSourcesBuildPhase;
			buildActionMask = 2147483647;
			files = (
				C2E5099219C839F600350F00 /* ThunderTableTests.swift in Sources */,
			);
			runOnlyForDeploymentPostprocessing = 0;
		};
/* End PBXSourcesBuildPhase section */

/* Begin XCBuildConfiguration section */
		C2E5099319C839F600350F00 /* Debug */ = {
			isa = XCBuildConfiguration;
			buildSettings = {
				ALWAYS_SEARCH_USER_PATHS = NO;
				CLANG_CXX_LANGUAGE_STANDARD = "gnu++0x";
				CLANG_CXX_LIBRARY = "libc++";
				CLANG_ENABLE_MODULES = YES;
				CLANG_ENABLE_OBJC_ARC = YES;
				CLANG_WARN_BOOL_CONVERSION = YES;
				CLANG_WARN_CONSTANT_CONVERSION = YES;
				CLANG_WARN_DIRECT_OBJC_ISA_USAGE = YES_ERROR;
				CLANG_WARN_EMPTY_BODY = YES;
				CLANG_WARN_ENUM_CONVERSION = YES;
				CLANG_WARN_INT_CONVERSION = YES;
				CLANG_WARN_OBJC_ROOT_CLASS = YES_ERROR;
				CLANG_WARN_UNREACHABLE_CODE = YES;
				CLANG_WARN__DUPLICATE_METHOD_MATCH = YES;
				"CODE_SIGN_IDENTITY[sdk=iphoneos*]" = "iPhone Developer";
				COPY_PHASE_STRIP = NO;
				CURRENT_PROJECT_VERSION = 1;
				ENABLE_STRICT_OBJC_MSGSEND = YES;
				GCC_C_LANGUAGE_STANDARD = gnu99;
				GCC_DYNAMIC_NO_PIC = NO;
				GCC_OPTIMIZATION_LEVEL = 0;
				GCC_PREPROCESSOR_DEFINITIONS = (
					"DEBUG=1",
					"$(inherited)",
				);
				GCC_SYMBOLS_PRIVATE_EXTERN = NO;
				GCC_WARN_64_TO_32_BIT_CONVERSION = YES;
				GCC_WARN_ABOUT_RETURN_TYPE = YES_ERROR;
				GCC_WARN_UNDECLARED_SELECTOR = YES;
				GCC_WARN_UNINITIALIZED_AUTOS = YES_AGGRESSIVE;
				GCC_WARN_UNUSED_FUNCTION = YES;
				GCC_WARN_UNUSED_VARIABLE = YES;
				IPHONEOS_DEPLOYMENT_TARGET = 8.0;
				MTL_ENABLE_DEBUG_INFO = YES;
				ONLY_ACTIVE_ARCH = NO;
				SDKROOT = iphoneos;
				SWIFT_OPTIMIZATION_LEVEL = "-Onone";
				TARGETED_DEVICE_FAMILY = "1,2";
				VERSIONING_SYSTEM = "apple-generic";
				VERSION_INFO_PREFIX = "";
			};
			name = Debug;
		};
		C2E5099419C839F600350F00 /* Release */ = {
			isa = XCBuildConfiguration;
			buildSettings = {
				ALWAYS_SEARCH_USER_PATHS = NO;
				CLANG_CXX_LANGUAGE_STANDARD = "gnu++0x";
				CLANG_CXX_LIBRARY = "libc++";
				CLANG_ENABLE_MODULES = YES;
				CLANG_ENABLE_OBJC_ARC = YES;
				CLANG_WARN_BOOL_CONVERSION = YES;
				CLANG_WARN_CONSTANT_CONVERSION = YES;
				CLANG_WARN_DIRECT_OBJC_ISA_USAGE = YES_ERROR;
				CLANG_WARN_EMPTY_BODY = YES;
				CLANG_WARN_ENUM_CONVERSION = YES;
				CLANG_WARN_INT_CONVERSION = YES;
				CLANG_WARN_OBJC_ROOT_CLASS = YES_ERROR;
				CLANG_WARN_UNREACHABLE_CODE = YES;
				CLANG_WARN__DUPLICATE_METHOD_MATCH = YES;
				"CODE_SIGN_IDENTITY[sdk=iphoneos*]" = "iPhone Developer";
				COPY_PHASE_STRIP = YES;
				CURRENT_PROJECT_VERSION = 1;
				ENABLE_NS_ASSERTIONS = NO;
				ENABLE_STRICT_OBJC_MSGSEND = YES;
				GCC_C_LANGUAGE_STANDARD = gnu99;
				GCC_WARN_64_TO_32_BIT_CONVERSION = YES;
				GCC_WARN_ABOUT_RETURN_TYPE = YES_ERROR;
				GCC_WARN_UNDECLARED_SELECTOR = YES;
				GCC_WARN_UNINITIALIZED_AUTOS = YES_AGGRESSIVE;
				GCC_WARN_UNUSED_FUNCTION = YES;
				GCC_WARN_UNUSED_VARIABLE = YES;
				IPHONEOS_DEPLOYMENT_TARGET = 8.0;
				MTL_ENABLE_DEBUG_INFO = NO;
				SDKROOT = iphoneos;
				TARGETED_DEVICE_FAMILY = "1,2";
				VALIDATE_PRODUCT = YES;
				VERSIONING_SYSTEM = "apple-generic";
				VERSION_INFO_PREFIX = "";
			};
			name = Release;
		};
		C2E5099619C839F600350F00 /* Debug */ = {
			isa = XCBuildConfiguration;
			buildSettings = {
				CLANG_ENABLE_MODULES = YES;
				CODE_SIGN_IDENTITY = "iPhone Developer";
				DEFINES_MODULE = YES;
				DYLIB_COMPATIBILITY_VERSION = 1;
				DYLIB_CURRENT_VERSION = 1;
				DYLIB_INSTALL_NAME_BASE = "@rpath";
				INFOPLIST_FILE = ThunderTable/Info.plist;
				INSTALL_PATH = "$(LOCAL_LIBRARY_DIR)/Frameworks";
				IPHONEOS_DEPLOYMENT_TARGET = 8.0;
				LD_RUNPATH_SEARCH_PATHS = "$(inherited) @executable_path/Frameworks @loader_path/Frameworks";
				ONLY_ACTIVE_ARCH = NO;
				PRODUCT_NAME = "$(TARGET_NAME)";
				SKIP_INSTALL = YES;
				SWIFT_OPTIMIZATION_LEVEL = "-Onone";
			};
			name = Debug;
		};
		C2E5099719C839F600350F00 /* Release */ = {
			isa = XCBuildConfiguration;
			buildSettings = {
				CLANG_ENABLE_MODULES = YES;
				CODE_SIGN_IDENTITY = "iPhone Developer";
				DEFINES_MODULE = YES;
				DYLIB_COMPATIBILITY_VERSION = 1;
				DYLIB_CURRENT_VERSION = 1;
				DYLIB_INSTALL_NAME_BASE = "@rpath";
				INFOPLIST_FILE = ThunderTable/Info.plist;
				INSTALL_PATH = "$(LOCAL_LIBRARY_DIR)/Frameworks";
				IPHONEOS_DEPLOYMENT_TARGET = 8.0;
				LD_RUNPATH_SEARCH_PATHS = "$(inherited) @executable_path/Frameworks @loader_path/Frameworks";
				PRODUCT_NAME = "$(TARGET_NAME)";
				SKIP_INSTALL = YES;
			};
			name = Release;
		};
		C2E5099919C839F600350F00 /* Debug */ = {
			isa = XCBuildConfiguration;
			buildSettings = {
				FRAMEWORK_SEARCH_PATHS = (
					"$(SDKROOT)/Developer/Library/Frameworks",
					"$(inherited)",
				);
				GCC_PREPROCESSOR_DEFINITIONS = (
					"DEBUG=1",
					"$(inherited)",
				);
				INFOPLIST_FILE = ThunderTableTests/Info.plist;
				LD_RUNPATH_SEARCH_PATHS = "$(inherited) @executable_path/Frameworks @loader_path/Frameworks";
				PRODUCT_NAME = "$(TARGET_NAME)";
			};
			name = Debug;
		};
		C2E5099A19C839F600350F00 /* Release */ = {
			isa = XCBuildConfiguration;
			buildSettings = {
				FRAMEWORK_SEARCH_PATHS = (
					"$(SDKROOT)/Developer/Library/Frameworks",
					"$(inherited)",
				);
				INFOPLIST_FILE = ThunderTableTests/Info.plist;
				LD_RUNPATH_SEARCH_PATHS = "$(inherited) @executable_path/Frameworks @loader_path/Frameworks";
				PRODUCT_NAME = "$(TARGET_NAME)";
			};
			name = Release;
		};
/* End XCBuildConfiguration section */

/* Begin XCConfigurationList section */
		C2E5097C19C839F600350F00 /* Build configuration list for PBXProject "ThunderTable" */ = {
			isa = XCConfigurationList;
			buildConfigurations = (
				C2E5099319C839F600350F00 /* Debug */,
				C2E5099419C839F600350F00 /* Release */,
			);
			defaultConfigurationIsVisible = 0;
			defaultConfigurationName = Release;
		};
		C2E5099519C839F600350F00 /* Build configuration list for PBXNativeTarget "ThunderTable" */ = {
			isa = XCConfigurationList;
			buildConfigurations = (
				C2E5099619C839F600350F00 /* Debug */,
				C2E5099719C839F600350F00 /* Release */,
			);
			defaultConfigurationIsVisible = 0;
			defaultConfigurationName = Release;
		};
		C2E5099819C839F600350F00 /* Build configuration list for PBXNativeTarget "ThunderTableTests" */ = {
			isa = XCConfigurationList;
			buildConfigurations = (
				C2E5099919C839F600350F00 /* Debug */,
				C2E5099A19C839F600350F00 /* Release */,
			);
			defaultConfigurationIsVisible = 0;
			defaultConfigurationName = Release;
		};
/* End XCConfigurationList section */
	};
	rootObject = C2E5097919C839F600350F00 /* Project object */;
}
